
Microsoft Visual Studio Solution File, Format Version 12.00
# Visual Studio Version 16
VisualStudioVersion = 16.0.32602.291
MinimumVisualStudioVersion = 10.0.40219.1
Project("{FAE04EC0-301F-11D3-BF4B-00C04F79EFBC}") = "DataLayer", "DataLayer\DataLayer.csproj", "{0966A596-A425-4CEE-B4D3-C63EB11F61F2}"
EndProject
Project("{FAE04EC0-301F-11D3-BF4B-00C04F79EFBC}") = "BusinessLayer", "BusinessLayer\BusinessLayer.csproj", "{7F1CBE77-FC4D-49BE-A114-42ED83063F6E}"
EndProject
Project("{FAE04EC0-301F-11D3-BF4B-00C04F79EFBC}") = "Hotel", "Hotel\Hotel.csproj", "{836A3538-B5E4-41A4-ABEF-2F3FD53E334A}"
EndProject
Global
	GlobalSection(SolutionConfigurationPlatforms) = preSolution
		Debug|Any CPU = Debug|Any CPU
		Release|Any CPU = Release|Any CPU
	EndGlobalSection
	GlobalSection(ProjectConfigurationPlatforms) = postSolution
		{0966A596-A425-4CEE-B4D3-C63EB11F61F2}.Debug|Any CPU.ActiveCfg = Debug|Any CPU
		{0966A596-A425-4CEE-B4D3-C63EB11F61F2}.Debug|Any CPU.Build.0 = Debug|Any CPU
		{0966A596-A425-4CEE-B4D3-C63EB11F61F2}.Release|Any CPU.ActiveCfg = Release|Any CPU
		{0966A596-A425-4CEE-B4D3-C63EB11F61F2}.Release|Any CPU.Build.0 = Release|Any CPU
		{7F1CBE77-FC4D-49BE-A114-42ED83063F6E}.Debug|Any CPU.ActiveCfg = Debug|Any CPU
		{7F1CBE77-FC4D-49BE-A114-42ED83063F6E}.Debug|Any CPU.Build.0 = Debug|Any CPU
		{7F1CBE77-FC4D-49BE-A114-42ED83063F6E}.Release|Any CPU.ActiveCfg = Release|Any CPU
		{7F1CBE77-FC4D-49BE-A114-42ED83063F6E}.Release|Any CPU.Build.0 = Release|Any CPU
		{836A3538-B5E4-41A4-ABEF-2F3FD53E334A}.Debug|Any CPU.ActiveCfg = Debug|Any CPU
		{836A3538-B5E4-41A4-ABEF-2F3FD53E334A}.Debug|Any CPU.Build.0 = Debug|Any CPU
		{836A3538-B5E4-41A4-ABEF-2F3FD53E334A}.Release|Any CPU.ActiveCfg = Release|Any CPU
		{836A3538-B5E4-41A4-ABEF-2F3FD53E334A}.Release|Any CPU.Build.0 = Release|Any CPU
	EndGlobalSection
	GlobalSection(SolutionProperties) = preSolution
		HideSolutionNode = FALSE
	EndGlobalSection
	GlobalSection(ExtensibilityGlobals) = postSolution
		SolutionGuid = {BA9B83D2-BF43-471D-9D39-9B7AC154D17B}
	EndGlobalSection
EndGlobal
